
Microsoft Visual Studio Solution File, Format Version 12.00
# Visual Studio Version 16
VisualStudioVersion = 16.0.32413.511
MinimumVisualStudioVersion = 10.0.40219.1
Project("{FAE04EC0-301F-11D3-BF4B-00C04F79EFBC}") = "PW2022.Logic", "PW2022.Logic\PW2022.Logic.csproj", "{AD5D0AA4-6A86-470C-A0DC-F0BEF452EB11}"
EndProject
Project("{FAE04EC0-301F-11D3-BF4B-00C04F79EFBC}") = "PW2022.Test", "PW2022.Test\PW2022.Test.csproj", "{78B1F45E-4902-456C-8FC0-B4DAAA23E986}"
EndProject
Global
	GlobalSection(SolutionConfigurationPlatforms) = preSolution
		Debug|Any CPU = Debug|Any CPU
		Release|Any CPU = Release|Any CPU
	EndGlobalSection
	GlobalSection(ProjectConfigurationPlatforms) = postSolution
		{AD5D0AA4-6A86-470C-A0DC-F0BEF452EB11}.Debug|Any CPU.ActiveCfg = Debug|Any CPU
		{AD5D0AA4-6A86-470C-A0DC-F0BEF452EB11}.Debug|Any CPU.Build.0 = Debug|Any CPU
		{AD5D0AA4-6A86-470C-A0DC-F0BEF452EB11}.Release|Any CPU.ActiveCfg = Release|Any CPU
		{AD5D0AA4-6A86-470C-A0DC-F0BEF452EB11}.Release|Any CPU.Build.0 = Release|Any CPU
		{78B1F45E-4902-456C-8FC0-B4DAAA23E986}.Debug|Any CPU.ActiveCfg = Debug|Any CPU
		{78B1F45E-4902-456C-8FC0-B4DAAA23E986}.Debug|Any CPU.Build.0 = Debug|Any CPU
		{78B1F45E-4902-456C-8FC0-B4DAAA23E986}.Release|Any CPU.ActiveCfg = Release|Any CPU
		{78B1F45E-4902-456C-8FC0-B4DAAA23E986}.Release|Any CPU.Build.0 = Release|Any CPU
	EndGlobalSection
	GlobalSection(SolutionProperties) = preSolution
		HideSolutionNode = FALSE
	EndGlobalSection
	GlobalSection(ExtensibilityGlobals) = postSolution
		SolutionGuid = {B3D70340-5F1D-4451-890D-0B4A3CA9A156}
	EndGlobalSection
EndGlobal
